
Microsoft Visual Studio Solution File, Format Version 12.00
# RemObjects Fire
Project("{656346D9-4656-40DA-A068-22D5425D4639}") = "Beta", "Beta for WP\Beta for WP.oxygene", "{C859198F-9652-4E20-9C76-BB054D801EE4}"
EndProject
Project("{656346D9-4656-40DA-A068-22D5425D4639}") = "Beta Server", "Beta Server\Beta Server.oxygene", "{36699322-22F5-4FEE-B484-653042F48FB8}"
EndProject
Project("{656346D9-4656-40DA-A068-22D5425D4639}") = "Beta for Android", "Beta for Android\Beta for Android.oxygene", "{A963AE56-1B2B-4831-AA93-18A68A023C61}"
EndProject
Project("{656346D9-4656-40DA-A068-22D5425D4639}") = "Beta for iOS", "Beta for iOS\Beta for iOS.oxygene", "{480657F7-06AD-4A0C-B214-A9F3BF6BD4E5}"
EndProject
Project("{656346D9-4656-40DA-A068-22D5425D4639}") = "RemObjects.SDK.Push", "Push\RemObjects.SDK.Push\RemObjects.SDK.Push.oxygene", "{6EE56252-1979-48FA-8409-3DCED05426C3}"
EndProject
Global
	GlobalSection(SolutionConfigurationPlatforms) = preSolution
		Debug|AnyCPU = Debug|AnyCPU
		Release|AnyCPU = Release|AnyCPU
	EndGlobalSection
	GlobalSection(ProjectConfigurationPlatforms) = postSolution
		{C859198F-9652-4E20-9C76-BB054D801EE4}.Debug|AnyCPU.ActiveCfg = Debug|AnyCPU
		{C859198F-9652-4E20-9C76-BB054D801EE4}.Debug|AnyCPU.Build.0 = Debug|AnyCPU
		{C859198F-9652-4E20-9C76-BB054D801EE4}.Release|AnyCPU.ActiveCfg = Release|AnyCPU
		{C859198F-9652-4E20-9C76-BB054D801EE4}.Release|AnyCPU.Build.0 = Release|AnyCPU
		{36699322-22F5-4FEE-B484-653042F48FB8}.Debug|AnyCPU.ActiveCfg = Debug|AnyCPU
		{36699322-22F5-4FEE-B484-653042F48FB8}.Debug|AnyCPU.Build.0 = Debug|AnyCPU
		{36699322-22F5-4FEE-B484-653042F48FB8}.Release|AnyCPU.ActiveCfg = Release|AnyCPU
		{36699322-22F5-4FEE-B484-653042F48FB8}.Release|AnyCPU.Build.0 = Release|AnyCPU
		{A963AE56-1B2B-4831-AA93-18A68A023C61}.Debug|AnyCPU.ActiveCfg = Debug|AnyCPU
		{A963AE56-1B2B-4831-AA93-18A68A023C61}.Debug|AnyCPU.Build.0 = Debug|AnyCPU
		{A963AE56-1B2B-4831-AA93-18A68A023C61}.Release|AnyCPU.ActiveCfg = Release|AnyCPU
		{A963AE56-1B2B-4831-AA93-18A68A023C61}.Release|AnyCPU.Build.0 = Release|AnyCPU
		{480657F7-06AD-4A0C-B214-A9F3BF6BD4E5}.Debug|AnyCPU.ActiveCfg = Debug|AnyCPU
		{480657F7-06AD-4A0C-B214-A9F3BF6BD4E5}.Debug|AnyCPU.Build.0 = Debug|AnyCPU
		{480657F7-06AD-4A0C-B214-A9F3BF6BD4E5}.Release|AnyCPU.ActiveCfg = Release|AnyCPU
		{480657F7-06AD-4A0C-B214-A9F3BF6BD4E5}.Release|AnyCPU.Build.0 = Release|AnyCPU
		{6EE56252-1979-48FA-8409-3DCED05426C3}.Debug|AnyCPU.ActiveCfg = Debug|AnyCPU
		{6EE56252-1979-48FA-8409-3DCED05426C3}.Debug|AnyCPU.Build.0 = Debug|AnyCPU
		{6EE56252-1979-48FA-8409-3DCED05426C3}.Release|AnyCPU.ActiveCfg = Release|AnyCPU
		{6EE56252-1979-48FA-8409-3DCED05426C3}.Release|AnyCPU.Build.0 = Release|AnyCPU
	EndGlobalSection
	GlobalSection(SolutionProperties) = preSolution
		HideSolutionNode = FALSE
	EndGlobalSection
EndGlobal